
Microsoft Visual Studio Solution File, Format Version 12.00
# Visual Studio 15
VisualStudioVersion = 15.0.28010.2003
MinimumVisualStudioVersion = 10.0.40219.1
Project("{888888A0-9F3D-457C-B088-3A5042F75D52}") = "CraiglistZooHouse", "CraiglistZooHouse\CraiglistZooHouse.pyproj", "{F65464E4-88DE-4150-804D-27DA79563053}"
EndProject
Global
	GlobalSection(SolutionConfigurationPlatforms) = preSolution
		Debug|Any CPU = Debug|Any CPU
		Release|Any CPU = Release|Any CPU
	EndGlobalSection
	GlobalSection(ProjectConfigurationPlatforms) = postSolution
		{F65464E4-88DE-4150-804D-27DA79563053}.Debug|Any CPU.ActiveCfg = Debug|Any CPU
		{F65464E4-88DE-4150-804D-27DA79563053}.Release|Any CPU.ActiveCfg = Release|Any CPU
	EndGlobalSection
	GlobalSection(SolutionProperties) = preSolution
		HideSolutionNode = FALSE
	EndGlobalSection
	GlobalSection(ExtensibilityGlobals) = postSolution
		SolutionGuid = {B35A8A69-AFAF-4BAA-97FD-659AA578D0B0}
	EndGlobalSection
EndGlobal
